# THIS IS AN AUTOGENERATED FILE. DO NOT EDIT THIS FILE DIRECTLY.
# yarn lockfile v1


faker@^5.3.1:
  version "5.3.1"
  resolved "https://registry.yarnpkg.com/faker/-/faker-5.3.1.tgz#67f8f5c170b97a76b875389e0e8b9155da7b4853"
  integrity sha512-sVdoApX/awJHO9DZHZsHVaJBNFiJW0n3lPs0q/nFxp/Mtya1dr2sCMktST3mdxNMHjkvKTTMAW488E+jH1eSbg==
